
Microsoft Visual Studio Solution File, Format Version 12.00
# Visual Studio 15
VisualStudioVersion = 15.0.27130.2036
MinimumVisualStudioVersion = 10.0.40219.1
Project("{9A19103F-16F7-4668-BE54-9A1E7A4F7556}") = "RemoteInstallation", "RemoteInstallation\RemoteInstallation.csproj", "{AE1D06CB-8E0E-4BCD-BB6D-345A8C70991C}"
EndProject
Project("{9A19103F-16F7-4668-BE54-9A1E7A4F7556}") = "RemoteInstallation.Tests", "RemoteInstallation.Tests\RemoteInstallation.Tests.csproj", "{46BCE633-A46A-4F84-9753-15F4D7759EEC}"
EndProject
Project("{FAE04EC0-301F-11D3-BF4B-00C04F79EFBC}") = "RemoteInstallation.Application", "RemoteInstallation.Application\RemoteInstallation.Application.csproj", "{0368C1D5-61AC-419E-811A-313FC18110AF}"
EndProject
Global
	GlobalSection(SolutionConfigurationPlatforms) = preSolution
		Debug|Any CPU = Debug|Any CPU
		Release|Any CPU = Release|Any CPU
	EndGlobalSection
	GlobalSection(ProjectConfigurationPlatforms) = postSolution
		{AE1D06CB-8E0E-4BCD-BB6D-345A8C70991C}.Debug|Any CPU.ActiveCfg = Debug|Any CPU
		{AE1D06CB-8E0E-4BCD-BB6D-345A8C70991C}.Debug|Any CPU.Build.0 = Debug|Any CPU
		{AE1D06CB-8E0E-4BCD-BB6D-345A8C70991C}.Release|Any CPU.ActiveCfg = Release|Any CPU
		{AE1D06CB-8E0E-4BCD-BB6D-345A8C70991C}.Release|Any CPU.Build.0 = Release|Any CPU
		{46BCE633-A46A-4F84-9753-15F4D7759EEC}.Debug|Any CPU.ActiveCfg = Debug|Any CPU
		{46BCE633-A46A-4F84-9753-15F4D7759EEC}.Debug|Any CPU.Build.0 = Debug|Any CPU
		{46BCE633-A46A-4F84-9753-15F4D7759EEC}.Release|Any CPU.ActiveCfg = Release|Any CPU
		{46BCE633-A46A-4F84-9753-15F4D7759EEC}.Release|Any CPU.Build.0 = Release|Any CPU
		{0368C1D5-61AC-419E-811A-313FC18110AF}.Debug|Any CPU.ActiveCfg = Debug|Any CPU
		{0368C1D5-61AC-419E-811A-313FC18110AF}.Debug|Any CPU.Build.0 = Debug|Any CPU
		{0368C1D5-61AC-419E-811A-313FC18110AF}.Release|Any CPU.ActiveCfg = Release|Any CPU
		{0368C1D5-61AC-419E-811A-313FC18110AF}.Release|Any CPU.Build.0 = Release|Any CPU
	EndGlobalSection
	GlobalSection(SolutionProperties) = preSolution
		HideSolutionNode = FALSE
	EndGlobalSection
	GlobalSection(ExtensibilityGlobals) = postSolution
		SolutionGuid = {F4F678DF-ED50-4443-A0A5-5E43F3263280}
	EndGlobalSection
EndGlobal
